
Microsoft Visual Studio Solution File, Format Version 12.00
# Visual Studio Version 16
VisualStudioVersion = 16.0.30907.101
MinimumVisualStudioVersion = 10.0.40219.1
Project("{FAE04EC0-301F-11D3-BF4B-00C04F79EFBC}") = "WindowsFormsApp1", "WindowsFormsApp1\WindowsFormsApp1.csproj", "{DD7BD000-A13F-471D-88CA-1A9197907C0C}"
EndProject
Global
	GlobalSection(SolutionConfigurationPlatforms) = preSolution
		Debug|Any CPU = Debug|Any CPU
		Release|Any CPU = Release|Any CPU
	EndGlobalSection
	GlobalSection(ProjectConfigurationPlatforms) = postSolution
		{DD7BD000-A13F-471D-88CA-1A9197907C0C}.Debug|Any CPU.ActiveCfg = Debug|Any CPU
		{DD7BD000-A13F-471D-88CA-1A9197907C0C}.Debug|Any CPU.Build.0 = Debug|Any CPU
		{DD7BD000-A13F-471D-88CA-1A9197907C0C}.Release|Any CPU.ActiveCfg = Release|Any CPU
		{DD7BD000-A13F-471D-88CA-1A9197907C0C}.Release|Any CPU.Build.0 = Release|Any CPU
	EndGlobalSection
	GlobalSection(SolutionProperties) = preSolution
		HideSolutionNode = FALSE
	EndGlobalSection
	GlobalSection(ExtensibilityGlobals) = postSolution
		SolutionGuid = {ED6587C3-B3AE-449C-A666-FF6A5935B368}
	EndGlobalSection
EndGlobal
